{
  "name": "book",
  "version": "1.0.0",
  "lockfileVersion": 1,
  "requires": true,
  "dependencies": {
    "axios": {
      "version": "0.19.2",
      "resolved": "https://registry.npm.taobao.org/axios/download/axios-0.19.2.tgz",
      "dependencies": {
        "follow-redirects": {
          "version": "https://registry.npm.taobao.org/follow-redirects/download/follow-redirects-1.5.10.tgz"
        }
      }
    },
    "doubanbook": {
      "version": "1.0.1",
      "resolved": "https://registry.npmjs.org/doubanbook/-/doubanbook-1.0.1.tgz",
      "integrity": "sha512-7nXuFbVeVPeQ+L7+KodvCBhHrVGRJaTIM5Yl7Ew0fjsYi+BgNYfvX+TIZcCFnAxrMFdzqyna4Oq4fmti6HNMHw=="
    }
  }
}
